// !$*UTF8*$!
{
	archiveVersion = 1;
	classes = {
	};
	objectVersion = 55;
	objects = {

/* Begin PBXBuildFile section */
		0469EE332879FAAD00D498D6 /* AppDelegate.swift in Sources */ = {isa = PBXBuildFile; fileRef = 0469EE322879FAAD00D498D6 /* AppDelegate.swift */; };
		0469EE352879FAAD00D498D6 /* SceneDelegate.swift in Sources */ = {isa = PBXBuildFile; fileRef = 0469EE342879FAAD00D498D6 /* SceneDelegate.swift */; };
		0469EE372879FAAD00D498D6 /* PostViewController.swift in Sources */ = {isa = PBXBuildFile; fileRef = 0469EE362879FAAD00D498D6 /* PostViewController.swift */; };
		0469EE3A2879FAAD00D498D6 /* Main.storyboard in Resources */ = {isa = PBXBuildFile; fileRef = 0469EE382879FAAD00D498D6 /* Main.storyboard */; };
		0469EE3C2879FAAE00D498D6 /* Assets.xcassets in Resources */ = {isa = PBXBuildFile; fileRef = 0469EE3B2879FAAE00D498D6 /* Assets.xcassets */; };
		0469EE3F2879FAAE00D498D6 /* LaunchScreen.storyboard in Resources */ = {isa = PBXBuildFile; fileRef = 0469EE3D2879FAAE00D498D6 /* LaunchScreen.storyboard */; };
		0469EE4C2879FD8E00D498D6 /* PostWebService.swift in Sources */ = {isa = PBXBuildFile; fileRef = 0469EE4B2879FD8E00D498D6 /* PostWebService.swift */; };
		0469EE4E2879FDB700D498D6 /* PostService.swift in Sources */ = {isa = PBXBuildFile; fileRef = 0469EE4D2879FDB700D498D6 /* PostService.swift */; };
		0469EE502879FDCF00D498D6 /* Post.swift in Sources */ = {isa = PBXBuildFile; fileRef = 0469EE4F2879FDCF00D498D6 /* Post.swift */; };
		0469EE572879FFCC00D498D6 /* PostTableViewCell.swift in Sources */ = {isa = PBXBuildFile; fileRef = 0469EE552879FFCC00D498D6 /* PostTableViewCell.swift */; };
		0469EE582879FFCC00D498D6 /* PostTableViewCell.xib in Resources */ = {isa = PBXBuildFile; fileRef = 0469EE562879FFCC00D498D6 /* PostTableViewCell.xib */; };
		0469EE5A287A277100D498D6 /* User.swift in Sources */ = {isa = PBXBuildFile; fileRef = 0469EE59287A277100D498D6 /* User.swift */; };
		0469EE5C287A2C8C00D498D6 /* PostText.swift in Sources */ = {isa = PBXBuildFile; fileRef = 0469EE5B287A2C8C00D498D6 /* PostText.swift */; };
		0469EE69287AC50D00D498D6 /* ProfileViewController.swift in Sources */ = {isa = PBXBuildFile; fileRef = 0469EE67287AC50D00D498D6 /* ProfileViewController.swift */; };
		0469EE73287AC92700D498D6 /* Like.swift in Sources */ = {isa = PBXBuildFile; fileRef = 0469EE72287AC92700D498D6 /* Like.swift */; };
		0469EE77287AC9DD00D498D6 /* Remark.swift in Sources */ = {isa = PBXBuildFile; fileRef = 0469EE76287AC9DD00D498D6 /* Remark.swift */; };
		0469EE7A287AF32D00D498D6 /* ProfileUserViewController.swift in Sources */ = {isa = PBXBuildFile; fileRef = 0469EE78287AF32D00D498D6 /* ProfileUserViewController.swift */; };
		0469EE7B287AF32D00D498D6 /* ProfileUserViewController.xib in Resources */ = {isa = PBXBuildFile; fileRef = 0469EE79287AF32D00D498D6 /* ProfileUserViewController.xib */; };
		0469EE82287AFF3F00D498D6 /* RemarksViewController.swift in Sources */ = {isa = PBXBuildFile; fileRef = 0469EE80287AFF3F00D498D6 /* RemarksViewController.swift */; };
		0469EE83287AFF3F00D498D6 /* RemarksViewController.xib in Resources */ = {isa = PBXBuildFile; fileRef = 0469EE81287AFF3F00D498D6 /* RemarksViewController.xib */; };
		0469EE88287B03B100D498D6 /* GroupService.swift in Sources */ = {isa = PBXBuildFile; fileRef = 0469EE87287B03B100D498D6 /* GroupService.swift */; };
		0469EE8A287B03E500D498D6 /* Group.swift in Sources */ = {isa = PBXBuildFile; fileRef = 0469EE89287B03E500D498D6 /* Group.swift */; };
		0469EE8C287B065500D498D6 /* GroupWebService.swift in Sources */ = {isa = PBXBuildFile; fileRef = 0469EE8B287B065500D498D6 /* GroupWebService.swift */; };
		0469EE94287B081500D498D6 /* GroupsCollectionViewCell.swift in Sources */ = {isa = PBXBuildFile; fileRef = 0469EE92287B081500D498D6 /* GroupsCollectionViewCell.swift */; };
		0469EE95287B081500D498D6 /* GroupsCollectionViewCell.xib in Resources */ = {isa = PBXBuildFile; fileRef = 0469EE93287B081500D498D6 /* GroupsCollectionViewCell.xib */; };
		0469EE98287B181B00D498D6 /* GroupsViewController.swift in Sources */ = {isa = PBXBuildFile; fileRef = 0469EE96287B181B00D498D6 /* GroupsViewController.swift */; };
		047DE67F287B6086002D068A /* GroupDetailViewController.swift in Sources */ = {isa = PBXBuildFile; fileRef = 047DE67D287B6086002D068A /* GroupDetailViewController.swift */; };
		047DE680287B6086002D068A /* GroupDetailViewController.xib in Resources */ = {isa = PBXBuildFile; fileRef = 047DE67E287B6086002D068A /* GroupDetailViewController.xib */; };
		047DE685287B73B1002D068A /* GroupDetailTableViewCell.swift in Sources */ = {isa = PBXBuildFile; fileRef = 047DE683287B73B1002D068A /* GroupDetailTableViewCell.swift */; };
		047DE686287B73B1002D068A /* GroupDetailTableViewCell.xib in Resources */ = {isa = PBXBuildFile; fileRef = 047DE684287B73B1002D068A /* GroupDetailTableViewCell.xib */; };
		047DE68A287CB634002D068A /* UserService.swift in Sources */ = {isa = PBXBuildFile; fileRef = 047DE689287CB634002D068A /* UserService.swift */; };
		047DE68D287CB64C002D068A /* UserWebService.swift in Sources */ = {isa = PBXBuildFile; fileRef = 047DE68C287CB64C002D068A /* UserWebService.swift */; };
		047DE693287CD0A9002D068A /* FollowWebService.swift in Sources */ = {isa = PBXBuildFile; fileRef = 047DE692287CD0A9002D068A /* FollowWebService.swift */; };
		047DE695287CD0B9002D068A /* FollowService.swift in Sources */ = {isa = PBXBuildFile; fileRef = 047DE694287CD0B9002D068A /* FollowService.swift */; };
		047DE697287CD0C4002D068A /* Follow.swift in Sources */ = {isa = PBXBuildFile; fileRef = 047DE696287CD0C4002D068A /* Follow.swift */; };
		047DE69A287CD56B002D068A /* ProfileUserTableViewCell.swift in Sources */ = {isa = PBXBuildFile; fileRef = 047DE698287CD56B002D068A /* ProfileUserTableViewCell.swift */; };
		047DE69B287CD56B002D068A /* ProfileUserTableViewCell.xib in Resources */ = {isa = PBXBuildFile; fileRef = 047DE699287CD56B002D068A /* ProfileUserTableViewCell.xib */; };
		047DE6A5287E3631002D068A /* LoginWebService.swift in Sources */ = {isa = PBXBuildFile; fileRef = 047DE6A4287E3631002D068A /* LoginWebService.swift */; };
		047DE6A8287E3907002D068A /* LoginService.swift in Sources */ = {isa = PBXBuildFile; fileRef = 047DE6A7287E3907002D068A /* LoginService.swift */; };
		047DE6AD287F623B002D068A /* LoginViewController.swift in Sources */ = {isa = PBXBuildFile; fileRef = 047DE6AB287F623B002D068A /* LoginViewController.swift */; };
		04A61C5E287F6B4E00DA6775 /* SwiftBCrypt in Frameworks */ = {isa = PBXBuildFile; productRef = 04A61C5D287F6B4E00DA6775 /* SwiftBCrypt */; };
		04A61C70287F79BB00DA6775 /* RegisterViewController.swift in Sources */ = {isa = PBXBuildFile; fileRef = 04A61C6E287F79BB00DA6775 /* RegisterViewController.swift */; };
		04A61C75287F932500DA6775 /* CreatePostViewController.swift in Sources */ = {isa = PBXBuildFile; fileRef = 04A61C73287F932500DA6775 /* CreatePostViewController.swift */; };
		04A61C76287F932500DA6775 /* CreatePostViewController.xib in Resources */ = {isa = PBXBuildFile; fileRef = 04A61C74287F932500DA6775 /* CreatePostViewController.xib */; };
		04A61C7A287FA23700DA6775 /* TextPostViewController.swift in Sources */ = {isa = PBXBuildFile; fileRef = 04A61C78287FA23700DA6775 /* TextPostViewController.swift */; };
		04A61C7B287FA23700DA6775 /* TextPostViewController.xib in Resources */ = {isa = PBXBuildFile; fileRef = 04A61C79287FA23700DA6775 /* TextPostViewController.xib */; };
		04A61C7F287FA77A00DA6775 /* CreatePostWebService.swift in Sources */ = {isa = PBXBuildFile; fileRef = 04A61C7E287FA77A00DA6775 /* CreatePostWebService.swift */; };
		04A61C81287FA7E000DA6775 /* CreatePostService.swift in Sources */ = {isa = PBXBuildFile; fileRef = 04A61C80287FA7E000DA6775 /* CreatePostService.swift */; };
		04A61C8828804FFA00DA6775 /* ProfileCurrentUserTableViewCell.swift in Sources */ = {isa = PBXBuildFile; fileRef = 04A61C8628804FFA00DA6775 /* ProfileCurrentUserTableViewCell.swift */; };
		04A61C8928804FFA00DA6775 /* ProfileCurrentUserTableViewCell.xib in Resources */ = {isa = PBXBuildFile; fileRef = 04A61C8728804FFA00DA6775 /* ProfileCurrentUserTableViewCell.xib */; };
		04A61C8D2880737B00DA6775 /* GroupPost.swift in Sources */ = {isa = PBXBuildFile; fileRef = 04A61C8C2880737B00DA6775 /* GroupPost.swift */; };
		04A61C942882210500DA6775 /* RegisterWebService.swift in Sources */ = {isa = PBXBuildFile; fileRef = 04A61C932882210500DA6775 /* RegisterWebService.swift */; };
		04A61C962882214800DA6775 /* RegisterService.swift in Sources */ = {isa = PBXBuildFile; fileRef = 04A61C952882214800DA6775 /* RegisterService.swift */; };
/* End PBXBuildFile section */

/* Begin PBXFileReference section */
		0469EE322879FAAD00D498D6 /* AppDelegate.swift */ = {isa = PBXFileReference; lastKnownFileType = sourcecode.swift; path = AppDelegate.swift; sourceTree = "<group>"; };
		0469EE342879FAAD00D498D6 /* SceneDelegate.swift */ = {isa = PBXFileReference; lastKnownFileType = sourcecode.swift; path = SceneDelegate.swift; sourceTree = "<group>"; };
		0469EE362879FAAD00D498D6 /* PostViewController.swift */ = {isa = PBXFileReference; lastKnownFileType = sourcecode.swift; path = PostViewController.swift; sourceTree = "<group>"; };
		0469EE392879FAAD00D498D6 /* Base */ = {isa = PBXFileReference; lastKnownFileType = file.storyboard; name = Base; path = Base.lproj/Main.storyboard; sourceTree = "<group>"; };
		0469EE3B2879FAAE00D498D6 /* Assets.xcassets */ = {isa = PBXFileReference; lastKnownFileType = folder.assetcatalog; path = Assets.xcassets; sourceTree = "<group>"; };
		0469EE3E2879FAAE00D498D6 /* Base */ = {isa = PBXFileReference; lastKnownFileType = file.storyboard; name = Base; path = Base.lproj/LaunchScreen.storyboard; sourceTree = "<group>"; };
		0469EE402879FAAE00D498D6 /* Info.plist */ = {isa = PBXFileReference; lastKnownFileType = text.plist.xml; path = Info.plist; sourceTree = "<group>"; };
		0469EE4B2879FD8E00D498D6 /* PostWebService.swift */ = {isa = PBXFileReference; lastKnownFileType = sourcecode.swift; path = PostWebService.swift; sourceTree = "<group>"; };
		0469EE4D2879FDB700D498D6 /* PostService.swift */ = {isa = PBXFileReference; lastKnownFileType = sourcecode.swift; path = PostService.swift; sourceTree = "<group>"; };
		0469EE4F2879FDCF00D498D6 /* Post.swift */ = {isa = PBXFileReference; lastKnownFileType = sourcecode.swift; path = Post.swift; sourceTree = "<group>"; };
		0469EE552879FFCC00D498D6 /* PostTableViewCell.swift */ = {isa = PBXFileReference; lastKnownFileType = sourcecode.swift; path = PostTableViewCell.swift; sourceTree = "<group>"; };
		0469EE562879FFCC00D498D6 /* PostTableViewCell.xib */ = {isa = PBXFileReference; lastKnownFileType = file.xib; path = PostTableViewCell.xib; sourceTree = "<group>"; };
		0469EE59287A277100D498D6 /* User.swift */ = {isa = PBXFileReference; lastKnownFileType = sourcecode.swift; path = User.swift; sourceTree = "<group>"; };
		0469EE5B287A2C8C00D498D6 /* PostText.swift */ = {isa = PBXFileReference; lastKnownFileType = sourcecode.swift; path = PostText.swift; sourceTree = "<group>"; };
		0469EE67287AC50D00D498D6 /* ProfileViewController.swift */ = {isa = PBXFileReference; lastKnownFileType = sourcecode.swift; path = ProfileViewController.swift; sourceTree = "<group>"; };
		0469EE72287AC92700D498D6 /* Like.swift */ = {isa = PBXFileReference; lastKnownFileType = sourcecode.swift; path = Like.swift; sourceTree = "<group>"; };
		0469EE76287AC9DD00D498D6 /* Remark.swift */ = {isa = PBXFileReference; lastKnownFileType = sourcecode.swift; path = Remark.swift; sourceTree = "<group>"; };
		0469EE78287AF32D00D498D6 /* ProfileUserViewController.swift */ = {isa = PBXFileReference; lastKnownFileType = sourcecode.swift; path = ProfileUserViewController.swift; sourceTree = "<group>"; };
		0469EE79287AF32D00D498D6 /* ProfileUserViewController.xib */ = {isa = PBXFileReference; lastKnownFileType = file.xib; path = ProfileUserViewController.xib; sourceTree = "<group>"; };
		0469EE80287AFF3F00D498D6 /* RemarksViewController.swift */ = {isa = PBXFileReference; lastKnownFileType = sourcecode.swift; path = RemarksViewController.swift; sourceTree = "<group>"; };
		0469EE81287AFF3F00D498D6 /* RemarksViewController.xib */ = {isa = PBXFileReference; lastKnownFileType = file.xib; path = RemarksViewController.xib; sourceTree = "<group>"; };
		0469EE87287B03B100D498D6 /* GroupService.swift */ = {isa = PBXFileReference; lastKnownFileType = sourcecode.swift; path = GroupService.swift; sourceTree = "<group>"; };
		0469EE89287B03E500D498D6 /* Group.swift */ = {isa = PBXFileReference; lastKnownFileType = sourcecode.swift; path = Group.swift; sourceTree = "<group>"; };
		0469EE8B287B065500D498D6 /* GroupWebService.swift */ = {isa = PBXFileReference; lastKnownFileType = sourcecode.swift; path = GroupWebService.swift; sourceTree = "<group>"; };
		0469EE92287B081500D498D6 /* GroupsCollectionViewCell.swift */ = {isa = PBXFileReference; lastKnownFileType = sourcecode.swift; path = GroupsCollectionViewCell.swift; sourceTree = "<group>"; };
		0469EE93287B081500D498D6 /* GroupsCollectionViewCell.xib */ = {isa = PBXFileReference; lastKnownFileType = file.xib; path = GroupsCollectionViewCell.xib; sourceTree = "<group>"; };
		0469EE96287B181B00D498D6 /* GroupsViewController.swift */ = {isa = PBXFileReference; lastKnownFileType = sourcecode.swift; path = GroupsViewController.swift; sourceTree = "<group>"; };
		047DE67D287B6086002D068A /* GroupDetailViewController.swift */ = {isa = PBXFileReference; lastKnownFileType = sourcecode.swift; path = GroupDetailViewController.swift; sourceTree = "<group>"; };
		047DE67E287B6086002D068A /* GroupDetailViewController.xib */ = {isa = PBXFileReference; lastKnownFileType = file.xib; path = GroupDetailViewController.xib; sourceTree = "<group>"; };
		047DE683287B73B1002D068A /* GroupDetailTableViewCell.swift */ = {isa = PBXFileReference; lastKnownFileType = sourcecode.swift; path = GroupDetailTableViewCell.swift; sourceTree = "<group>"; };
		047DE684287B73B1002D068A /* GroupDetailTableViewCell.xib */ = {isa = PBXFileReference; lastKnownFileType = file.xib; path = GroupDetailTableViewCell.xib; sourceTree = "<group>"; };
		047DE689287CB634002D068A /* UserService.swift */ = {isa = PBXFileReference; lastKnownFileType = sourcecode.swift; path = UserService.swift; sourceTree = "<group>"; };
		047DE68C287CB64C002D068A /* UserWebService.swift */ = {isa = PBXFileReference; lastKnownFileType = sourcecode.swift; path = UserWebService.swift; sourceTree = "<group>"; };
		047DE692287CD0A9002D068A /* FollowWebService.swift */ = {isa = PBXFileReference; lastKnownFileType = sourcecode.swift; path = FollowWebService.swift; sourceTree = "<group>"; };
		047DE694287CD0B9002D068A /* FollowService.swift */ = {isa = PBXFileReference; lastKnownFileType = sourcecode.swift; path = FollowService.swift; sourceTree = "<group>"; };
		047DE696287CD0C4002D068A /* Follow.swift */ = {isa = PBXFileReference; lastKnownFileType = sourcecode.swift; path = Follow.swift; sourceTree = "<group>"; };
		047DE698287CD56B002D068A /* ProfileUserTableViewCell.swift */ = {isa = PBXFileReference; lastKnownFileType = sourcecode.swift; path = ProfileUserTableViewCell.swift; sourceTree = "<group>"; };
		047DE699287CD56B002D068A /* ProfileUserTableViewCell.xib */ = {isa = PBXFileReference; lastKnownFileType = file.xib; path = ProfileUserTableViewCell.xib; sourceTree = "<group>"; };
		047DE6A4287E3631002D068A /* LoginWebService.swift */ = {isa = PBXFileReference; lastKnownFileType = sourcecode.swift; path = LoginWebService.swift; sourceTree = "<group>"; };
		047DE6A7287E3907002D068A /* LoginService.swift */ = {isa = PBXFileReference; lastKnownFileType = sourcecode.swift; path = LoginService.swift; sourceTree = "<group>"; };
		047DE6AB287F623B002D068A /* LoginViewController.swift */ = {isa = PBXFileReference; lastKnownFileType = sourcecode.swift; path = LoginViewController.swift; sourceTree = "<group>"; };
		04A61C67287F705D00DA6775 /* MobilePA.app */ = {isa = PBXFileReference; explicitFileType = wrapper.application; includeInIndex = 0; name = MobilePA.app; path = "/Users/lucasangoston/Documents/projetAnnuel/MobilePA/build/Debug-iphoneos/MobilePA.app"; sourceTree = "<absolute>"; };
		04A61C6E287F79BB00DA6775 /* RegisterViewController.swift */ = {isa = PBXFileReference; lastKnownFileType = sourcecode.swift; path = RegisterViewController.swift; sourceTree = "<group>"; };
		04A61C73287F932500DA6775 /* CreatePostViewController.swift */ = {isa = PBXFileReference; lastKnownFileType = sourcecode.swift; path = CreatePostViewController.swift; sourceTree = "<group>"; };
		04A61C74287F932500DA6775 /* CreatePostViewController.xib */ = {isa = PBXFileReference; lastKnownFileType = file.xib; path = CreatePostViewController.xib; sourceTree = "<group>"; };
		04A61C78287FA23700DA6775 /* TextPostViewController.swift */ = {isa = PBXFileReference; lastKnownFileType = sourcecode.swift; path = TextPostViewController.swift; sourceTree = "<group>"; };
		04A61C79287FA23700DA6775 /* TextPostViewController.xib */ = {isa = PBXFileReference; lastKnownFileType = file.xib; path = TextPostViewController.xib; sourceTree = "<group>"; };
		04A61C7E287FA77A00DA6775 /* CreatePostWebService.swift */ = {isa = PBXFileReference; lastKnownFileType = sourcecode.swift; path = CreatePostWebService.swift; sourceTree = "<group>"; };
		04A61C80287FA7E000DA6775 /* CreatePostService.swift */ = {isa = PBXFileReference; lastKnownFileType = sourcecode.swift; path = CreatePostService.swift; sourceTree = "<group>"; };
		04A61C8628804FFA00DA6775 /* ProfileCurrentUserTableViewCell.swift */ = {isa = PBXFileReference; lastKnownFileType = sourcecode.swift; path = ProfileCurrentUserTableViewCell.swift; sourceTree = "<group>"; };
		04A61C8728804FFA00DA6775 /* ProfileCurrentUserTableViewCell.xib */ = {isa = PBXFileReference; lastKnownFileType = file.xib; path = ProfileCurrentUserTableViewCell.xib; sourceTree = "<group>"; };
		04A61C8C2880737B00DA6775 /* GroupPost.swift */ = {isa = PBXFileReference; lastKnownFileType = sourcecode.swift; path = GroupPost.swift; sourceTree = "<group>"; };
		04A61C932882210500DA6775 /* RegisterWebService.swift */ = {isa = PBXFileReference; lastKnownFileType = sourcecode.swift; path = RegisterWebService.swift; sourceTree = "<group>"; };
		04A61C952882214800DA6775 /* RegisterService.swift */ = {isa = PBXFileReference; lastKnownFileType = sourcecode.swift; path = RegisterService.swift; sourceTree = "<group>"; };
/* End PBXFileReference section */

/* Begin PBXFrameworksBuildPhase section */
		0469EE2C2879FAAD00D498D6 /* Frameworks */ = {
			isa = PBXFrameworksBuildPhase;
			buildActionMask = 2147483647;
			files = (
				04A61C5E287F6B4E00DA6775 /* SwiftBCrypt in Frameworks */,
			);
			runOnlyForDeploymentPostprocessing = 0;
		};
/* End PBXFrameworksBuildPhase section */

/* Begin PBXGroup section */
		0469EE262879FAAD00D498D6 = {
			isa = PBXGroup;
			children = (
				0469EE312879FAAD00D498D6 /* MobilePA */,
			);
			sourceTree = "<group>";
		};
		0469EE312879FAAD00D498D6 /* MobilePA */ = {
			isa = PBXGroup;
			children = (
				04A61C72287F92D300DA6775 /* Creation */,
				047DE69C287E2801002D068A /* Authentication */,
				047DE68E287CD020002D068A /* Follows */,
				0469EE74287AC9BB00D498D6 /* Remark */,
				0469EE6F287AC8F400D498D6 /* Like */,
				0469EE6E287AC8ED00D498D6 /* User */,
				0469EE6C287AC79200D498D6 /* Group */,
				0469EE6B287AC78500D498D6 /* Profile */,
				0469EE5E287A474D00D498D6 /* Post */,
				0469EE322879FAAD00D498D6 /* AppDelegate.swift */,
				0469EE342879FAAD00D498D6 /* SceneDelegate.swift */,
				0469EE382879FAAD00D498D6 /* Main.storyboard */,
				0469EE3B2879FAAE00D498D6 /* Assets.xcassets */,
				0469EE3D2879FAAE00D498D6 /* LaunchScreen.storyboard */,
				0469EE402879FAAE00D498D6 /* Info.plist */,
			);
			path = MobilePA;
			sourceTree = "<group>";
		};
		0469EE482879FD5500D498D6 /* Models */ = {
			isa = PBXGroup;
			children = (
				0469EE5D287A2E2100D498D6 /* Post */,
			);
			path = Models;
			sourceTree = "<group>";
		};
		0469EE492879FD5F00D498D6 /* Services */ = {
			isa = PBXGroup;
			children = (
				0469EE4D2879FDB700D498D6 /* PostService.swift */,
			);
			path = Services;
			sourceTree = "<group>";
		};
		0469EE4A2879FD7300D498D6 /* WebServices */ = {
			isa = PBXGroup;
			children = (
				0469EE4B2879FD8E00D498D6 /* PostWebService.swift */,
			);
			path = WebServices;
			sourceTree = "<group>";
		};
		0469EE5D287A2E2100D498D6 /* Post */ = {
			isa = PBXGroup;
			children = (
				0469EE4F2879FDCF00D498D6 /* Post.swift */,
				0469EE6D287AC87C00D498D6 /* ContentPost */,
			);
			path = Post;
			sourceTree = "<group>";
		};
		0469EE5E287A474D00D498D6 /* Post */ = {
			isa = PBXGroup;
			children = (
				0469EE7E287AFEFB00D498D6 /* Views */,
				0469EE482879FD5500D498D6 /* Models */,
				0469EE492879FD5F00D498D6 /* Services */,
				0469EE4A2879FD7300D498D6 /* WebServices */,
			);
			path = Post;
			sourceTree = "<group>";
		};
		0469EE6B287AC78500D498D6 /* Profile */ = {
			isa = PBXGroup;
			children = (
				0469EE7C287AFE0700D498D6 /* ProfileCurrentUser */,
				0469EE7D287AFE1500D498D6 /* ProfileOtherUser */,
			);
			path = Profile;
			sourceTree = "<group>";
		};
		0469EE6C287AC79200D498D6 /* Group */ = {
			isa = PBXGroup;
			children = (
				0469EE8D287B078200D498D6 /* Views */,
				0469EE86287B038A00D498D6 /* WebServices */,
				0469EE85287B038300D498D6 /* Services */,
				0469EE84287B034F00D498D6 /* Models */,
			);
			path = Group;
			sourceTree = "<group>";
		};
		0469EE6D287AC87C00D498D6 /* ContentPost */ = {
			isa = PBXGroup;
			children = (
				0469EE5B287A2C8C00D498D6 /* PostText.swift */,
			);
			path = ContentPost;
			sourceTree = "<group>";
		};
		0469EE6E287AC8ED00D498D6 /* User */ = {
			isa = PBXGroup;
			children = (
				047DE688287CB611002D068A /* WebServices */,
				047DE687287CB606002D068A /* Services */,
				0469EE70287AC8FD00D498D6 /* Models */,
			);
			path = User;
			sourceTree = "<group>";
		};
		0469EE6F287AC8F400D498D6 /* Like */ = {
			isa = PBXGroup;
			children = (
				0469EE71287AC91B00D498D6 /* Models */,
			);
			path = Like;
			sourceTree = "<group>";
		};
		0469EE70287AC8FD00D498D6 /* Models */ = {
			isa = PBXGroup;
			children = (
				0469EE59287A277100D498D6 /* User.swift */,
			);
			path = Models;
			sourceTree = "<group>";
		};
		0469EE71287AC91B00D498D6 /* Models */ = {
			isa = PBXGroup;
			children = (
				0469EE72287AC92700D498D6 /* Like.swift */,
			);
			path = Models;
			sourceTree = "<group>";
		};
		0469EE74287AC9BB00D498D6 /* Remark */ = {
			isa = PBXGroup;
			children = (
				0469EE75287AC9D200D498D6 /* Model */,
				0469EE7F287AFF2500D498D6 /* Views */,
			);
			path = Remark;
			sourceTree = "<group>";
		};
		0469EE75287AC9D200D498D6 /* Model */ = {
			isa = PBXGroup;
			children = (
				0469EE76287AC9DD00D498D6 /* Remark.swift */,
			);
			path = Model;
			sourceTree = "<group>";
		};
		0469EE7C287AFE0700D498D6 /* ProfileCurrentUser */ = {
			isa = PBXGroup;
			children = (
				0469EE67287AC50D00D498D6 /* ProfileViewController.swift */,
				04A61C8628804FFA00DA6775 /* ProfileCurrentUserTableViewCell.swift */,
				04A61C8728804FFA00DA6775 /* ProfileCurrentUserTableViewCell.xib */,
			);
			path = ProfileCurrentUser;
			sourceTree = "<group>";
		};
		0469EE7D287AFE1500D498D6 /* ProfileOtherUser */ = {
			isa = PBXGroup;
			children = (
				0469EE78287AF32D00D498D6 /* ProfileUserViewController.swift */,
				0469EE79287AF32D00D498D6 /* ProfileUserViewController.xib */,
				047DE698287CD56B002D068A /* ProfileUserTableViewCell.swift */,
				047DE699287CD56B002D068A /* ProfileUserTableViewCell.xib */,
			);
			path = ProfileOtherUser;
			sourceTree = "<group>";
		};
		0469EE7E287AFEFB00D498D6 /* Views */ = {
			isa = PBXGroup;
			children = (
				0469EE362879FAAD00D498D6 /* PostViewController.swift */,
				0469EE552879FFCC00D498D6 /* PostTableViewCell.swift */,
				0469EE562879FFCC00D498D6 /* PostTableViewCell.xib */,
			);
			path = Views;
			sourceTree = "<group>";
		};
		0469EE7F287AFF2500D498D6 /* Views */ = {
			isa = PBXGroup;
			children = (
				0469EE80287AFF3F00D498D6 /* RemarksViewController.swift */,
				0469EE81287AFF3F00D498D6 /* RemarksViewController.xib */,
			);
			path = Views;
			sourceTree = "<group>";
		};
		0469EE84287B034F00D498D6 /* Models */ = {
			isa = PBXGroup;
			children = (
				0469EE89287B03E500D498D6 /* Group.swift */,
				04A61C8C2880737B00DA6775 /* GroupPost.swift */,
			);
			path = Models;
			sourceTree = "<group>";
		};
		0469EE85287B038300D498D6 /* Services */ = {
			isa = PBXGroup;
			children = (
				0469EE87287B03B100D498D6 /* GroupService.swift */,
			);
			path = Services;
			sourceTree = "<group>";
		};
		0469EE86287B038A00D498D6 /* WebServices */ = {
			isa = PBXGroup;
			children = (
				0469EE8B287B065500D498D6 /* GroupWebService.swift */,
			);
			path = WebServices;
			sourceTree = "<group>";
		};
		0469EE8D287B078200D498D6 /* Views */ = {
			isa = PBXGroup;
			children = (
				047DE682287B609B002D068A /* Groupcell */,
				047DE681287B608F002D068A /* GroupDetail */,
				0469EE96287B181B00D498D6 /* GroupsViewController.swift */,
			);
			path = Views;
			sourceTree = "<group>";
		};
		047DE681287B608F002D068A /* GroupDetail */ = {
			isa = PBXGroup;
			children = (
				047DE67D287B6086002D068A /* GroupDetailViewController.swift */,
				047DE67E287B6086002D068A /* GroupDetailViewController.xib */,
				047DE683287B73B1002D068A /* GroupDetailTableViewCell.swift */,
				047DE684287B73B1002D068A /* GroupDetailTableViewCell.xib */,
			);
			path = GroupDetail;
			sourceTree = "<group>";
		};
		047DE682287B609B002D068A /* Groupcell */ = {
			isa = PBXGroup;
			children = (
				0469EE92287B081500D498D6 /* GroupsCollectionViewCell.swift */,
				0469EE93287B081500D498D6 /* GroupsCollectionViewCell.xib */,
			);
			path = Groupcell;
			sourceTree = "<group>";
		};
		047DE687287CB606002D068A /* Services */ = {
			isa = PBXGroup;
			children = (
				047DE689287CB634002D068A /* UserService.swift */,
			);
			path = Services;
			sourceTree = "<group>";
		};
		047DE688287CB611002D068A /* WebServices */ = {
			isa = PBXGroup;
			children = (
				047DE68C287CB64C002D068A /* UserWebService.swift */,
			);
			path = WebServices;
			sourceTree = "<group>";
		};
		047DE68E287CD020002D068A /* Follows */ = {
			isa = PBXGroup;
			children = (
				047DE691287CD04F002D068A /* WebServices */,
				047DE690287CD048002D068A /* Services */,
				047DE68F287CD03A002D068A /* Models */,
			);
			path = Follows;
			sourceTree = "<group>";
		};
		047DE68F287CD03A002D068A /* Models */ = {
			isa = PBXGroup;
			children = (
				047DE696287CD0C4002D068A /* Follow.swift */,
			);
			path = Models;
			sourceTree = "<group>";
		};
		047DE690287CD048002D068A /* Services */ = {
			isa = PBXGroup;
			children = (
				047DE694287CD0B9002D068A /* FollowService.swift */,
			);
			path = Services;
			sourceTree = "<group>";
		};
		047DE691287CD04F002D068A /* WebServices */ = {
			isa = PBXGroup;
			children = (
				047DE692287CD0A9002D068A /* FollowWebService.swift */,
			);
			path = WebServices;
			sourceTree = "<group>";
		};
		047DE69C287E2801002D068A /* Authentication */ = {
			isa = PBXGroup;
			children = (
				047DE6A6287E38DF002D068A /* Services */,
				047DE6A3287E3612002D068A /* WebServices */,
				047DE69D287E280D002D068A /* Views */,
			);
			path = Authentication;
			sourceTree = "<group>";
		};
		047DE69D287E280D002D068A /* Views */ = {
			isa = PBXGroup;
			children = (
				047DE6AB287F623B002D068A /* LoginViewController.swift */,
				04A61C6E287F79BB00DA6775 /* RegisterViewController.swift */,
			);
			path = Views;
			sourceTree = "<group>";
		};
		047DE6A3287E3612002D068A /* WebServices */ = {
			isa = PBXGroup;
			children = (
				047DE6A4287E3631002D068A /* LoginWebService.swift */,
				04A61C932882210500DA6775 /* RegisterWebService.swift */,
			);
			path = WebServices;
			sourceTree = "<group>";
		};
		047DE6A6287E38DF002D068A /* Services */ = {
			isa = PBXGroup;
			children = (
				047DE6A7287E3907002D068A /* LoginService.swift */,
				04A61C952882214800DA6775 /* RegisterService.swift */,
			);
			path = Services;
			sourceTree = "<group>";
		};
		04A61C72287F92D300DA6775 /* Creation */ = {
			isa = PBXGroup;
			children = (
				04A61C8B2880735100DA6775 /* Picture */,
				04A61C8A2880732900DA6775 /* Post */,
			);
			path = Creation;
			sourceTree = "<group>";
		};
		04A61C77287FA1F700DA6775 /* TextPost */ = {
			isa = PBXGroup;
			children = (
				04A61C78287FA23700DA6775 /* TextPostViewController.swift */,
				04A61C79287FA23700DA6775 /* TextPostViewController.xib */,
			);
			path = TextPost;
			sourceTree = "<group>";
		};
		04A61C7C287FA72200DA6775 /* WebServices */ = {
			isa = PBXGroup;
			children = (
				04A61C7E287FA77A00DA6775 /* CreatePostWebService.swift */,
			);
			path = WebServices;
			sourceTree = "<group>";
		};
		04A61C7D287FA74D00DA6775 /* Services */ = {
			isa = PBXGroup;
			children = (
				04A61C80287FA7E000DA6775 /* CreatePostService.swift */,
			);
			path = Services;
			sourceTree = "<group>";
		};
		04A61C8A2880732900DA6775 /* Post */ = {
			isa = PBXGroup;
			children = (
				04A61C7D287FA74D00DA6775 /* Services */,
				04A61C7C287FA72200DA6775 /* WebServices */,
				04A61C77287FA1F700DA6775 /* TextPost */,
				04A61C73287F932500DA6775 /* CreatePostViewController.swift */,
				04A61C74287F932500DA6775 /* CreatePostViewController.xib */,
			);
			path = Post;
			sourceTree = "<group>";
		};
		04A61C8B2880735100DA6775 /* Picture */ = {
			isa = PBXGroup;
			children = (
			);
			path = Picture;
			sourceTree = "<group>";
		};
/* End PBXGroup section */

/* Begin PBXNativeTarget section */
		0469EE2E2879FAAD00D498D6 /* MobilePA */ = {
			isa = PBXNativeTarget;
			buildConfigurationList = 0469EE432879FAAE00D498D6 /* Build configuration list for PBXNativeTarget "MobilePA" */;
			buildPhases = (
				0469EE2B2879FAAD00D498D6 /* Sources */,
				0469EE2C2879FAAD00D498D6 /* Frameworks */,
				0469EE2D2879FAAD00D498D6 /* Resources */,
			);
			buildRules = (
			);
			dependencies = (
			);
			name = MobilePA;
			packageProductDependencies = (
				04A61C5D287F6B4E00DA6775 /* SwiftBCrypt */,
			);
			productName = MobilePA;
			productReference = 04A61C67287F705D00DA6775 /* MobilePA.app */;
			productType = "com.apple.product-type.application";
		};
/* End PBXNativeTarget section */

/* Begin PBXProject section */
		0469EE272879FAAD00D498D6 /* Project object */ = {
			isa = PBXProject;
			attributes = {
				BuildIndependentTargetsInParallel = 1;
				LastSwiftUpdateCheck = 1340;
				LastUpgradeCheck = 1340;
				TargetAttributes = {
					0469EE2E2879FAAD00D498D6 = {
						CreatedOnToolsVersion = 13.4.1;
					};
				};
			};
			buildConfigurationList = 0469EE2A2879FAAD00D498D6 /* Build configuration list for PBXProject "MobilePA" */;
			compatibilityVersion = "Xcode 13.0";
			developmentRegion = en;
			hasScannedForEncodings = 0;
			knownRegions = (
				en,
				Base,
			);
			mainGroup = 0469EE262879FAAD00D498D6;
			packageReferences = (
				04A61C5C287F6B4E00DA6775 /* XCRemoteSwiftPackageReference "SwiftBCrypt" */,
			);
			productRefGroup = 0469EE262879FAAD00D498D6;
			projectDirPath = "";
			projectRoot = "";
			targets = (
				0469EE2E2879FAAD00D498D6 /* MobilePA */,
			);
		};
/* End PBXProject section */

/* Begin PBXResourcesBuildPhase section */
		0469EE2D2879FAAD00D498D6 /* Resources */ = {
			isa = PBXResourcesBuildPhase;
			buildActionMask = 2147483647;
			files = (
				0469EE7B287AF32D00D498D6 /* ProfileUserViewController.xib in Resources */,
				04A61C7B287FA23700DA6775 /* TextPostViewController.xib in Resources */,
				0469EE3F2879FAAE00D498D6 /* LaunchScreen.storyboard in Resources */,
				047DE686287B73B1002D068A /* GroupDetailTableViewCell.xib in Resources */,
				0469EE83287AFF3F00D498D6 /* RemarksViewController.xib in Resources */,
				04A61C76287F932500DA6775 /* CreatePostViewController.xib in Resources */,
				047DE69B287CD56B002D068A /* ProfileUserTableViewCell.xib in Resources */,
				0469EE3C2879FAAE00D498D6 /* Assets.xcassets in Resources */,
				0469EE95287B081500D498D6 /* GroupsCollectionViewCell.xib in Resources */,
				047DE680287B6086002D068A /* GroupDetailViewController.xib in Resources */,
				04A61C8928804FFA00DA6775 /* ProfileCurrentUserTableViewCell.xib in Resources */,
				0469EE3A2879FAAD00D498D6 /* Main.storyboard in Resources */,
				0469EE582879FFCC00D498D6 /* PostTableViewCell.xib in Resources */,
			);
			runOnlyForDeploymentPostprocessing = 0;
		};
/* End PBXResourcesBuildPhase section */

/* Begin PBXSourcesBuildPhase section */
		0469EE2B2879FAAD00D498D6 /* Sources */ = {
			isa = PBXSourcesBuildPhase;
			buildActionMask = 2147483647;
			files = (
				0469EE572879FFCC00D498D6 /* PostTableViewCell.swift in Sources */,
				047DE6A5287E3631002D068A /* LoginWebService.swift in Sources */,
				0469EE8A287B03E500D498D6 /* Group.swift in Sources */,
				047DE69A287CD56B002D068A /* ProfileUserTableViewCell.swift in Sources */,
				0469EE4E2879FDB700D498D6 /* PostService.swift in Sources */,
				0469EE4C2879FD8E00D498D6 /* PostWebService.swift in Sources */,
				04A61C8D2880737B00DA6775 /* GroupPost.swift in Sources */,
				04A61C7A287FA23700DA6775 /* TextPostViewController.swift in Sources */,
				0469EE372879FAAD00D498D6 /* PostViewController.swift in Sources */,
				0469EE5A287A277100D498D6 /* User.swift in Sources */,
				047DE68D287CB64C002D068A /* UserWebService.swift in Sources */,
				04A61C8828804FFA00DA6775 /* ProfileCurrentUserTableViewCell.swift in Sources */,
				047DE6A8287E3907002D068A /* LoginService.swift in Sources */,
				047DE68A287CB634002D068A /* UserService.swift in Sources */,
				047DE685287B73B1002D068A /* GroupDetailTableViewCell.swift in Sources */,
				0469EE73287AC92700D498D6 /* Like.swift in Sources */,
				0469EE69287AC50D00D498D6 /* ProfileViewController.swift in Sources */,
				047DE693287CD0A9002D068A /* FollowWebService.swift in Sources */,
				04A61C81287FA7E000DA6775 /* CreatePostService.swift in Sources */,
				0469EE502879FDCF00D498D6 /* Post.swift in Sources */,
				047DE67F287B6086002D068A /* GroupDetailViewController.swift in Sources */,
				0469EE94287B081500D498D6 /* GroupsCollectionViewCell.swift in Sources */,
				04A61C75287F932500DA6775 /* CreatePostViewController.swift in Sources */,
				047DE6AD287F623B002D068A /* LoginViewController.swift in Sources */,
				0469EE7A287AF32D00D498D6 /* ProfileUserViewController.swift in Sources */,
				04A61C7F287FA77A00DA6775 /* CreatePostWebService.swift in Sources */,
				047DE695287CD0B9002D068A /* FollowService.swift in Sources */,
				04A61C70287F79BB00DA6775 /* RegisterViewController.swift in Sources */,
				0469EE77287AC9DD00D498D6 /* Remark.swift in Sources */,
				0469EE88287B03B100D498D6 /* GroupService.swift in Sources */,
				04A61C962882214800DA6775 /* RegisterService.swift in Sources */,
				0469EE5C287A2C8C00D498D6 /* PostText.swift in Sources */,
				0469EE332879FAAD00D498D6 /* AppDelegate.swift in Sources */,
				0469EE98287B181B00D498D6 /* GroupsViewController.swift in Sources */,
				0469EE352879FAAD00D498D6 /* SceneDelegate.swift in Sources */,
				0469EE82287AFF3F00D498D6 /* RemarksViewController.swift in Sources */,
				047DE697287CD0C4002D068A /* Follow.swift in Sources */,
				0469EE8C287B065500D498D6 /* GroupWebService.swift in Sources */,
				04A61C942882210500DA6775 /* RegisterWebService.swift in Sources */,
			);
			runOnlyForDeploymentPostprocessing = 0;
		};
/* End PBXSourcesBuildPhase section */

/* Begin PBXVariantGroup section */
		0469EE382879FAAD00D498D6 /* Main.storyboard */ = {
			isa = PBXVariantGroup;
			children = (
				0469EE392879FAAD00D498D6 /* Base */,
			);
			name = Main.storyboard;
			sourceTree = "<group>";
		};
		0469EE3D2879FAAE00D498D6 /* LaunchScreen.storyboard */ = {
			isa = PBXVariantGroup;
			children = (
				0469EE3E2879FAAE00D498D6 /* Base */,
			);
			name = LaunchScreen.storyboard;
			sourceTree = "<group>";
		};
/* End PBXVariantGroup section */

/* Begin XCBuildConfiguration section */
		0469EE412879FAAE00D498D6 /* Debug */ = {
			isa = XCBuildConfiguration;
			buildSettings = {
				ALWAYS_SEARCH_USER_PATHS = NO;
				CLANG_ANALYZER_NONNULL = YES;
				CLANG_ANALYZER_NUMBER_OBJECT_CONVERSION = YES_AGGRESSIVE;
				CLANG_CXX_LANGUAGE_STANDARD = "gnu++17";
				CLANG_ENABLE_MODULES = YES;
				CLANG_ENABLE_OBJC_ARC = YES;
				CLANG_ENABLE_OBJC_WEAK = YES;
				CLANG_WARN_BLOCK_CAPTURE_AUTORELEASING = YES;
				CLANG_WARN_BOOL_CONVERSION = YES;
				CLANG_WARN_COMMA = YES;
				CLANG_WARN_CONSTANT_CONVERSION = YES;
				CLANG_WARN_DEPRECATED_OBJC_IMPLEMENTATIONS = YES;
				CLANG_WARN_DIRECT_OBJC_ISA_USAGE = YES_ERROR;
				CLANG_WARN_DOCUMENTATION_COMMENTS = YES;
				CLANG_WARN_EMPTY_BODY = YES;
				CLANG_WARN_ENUM_CONVERSION = YES;
				CLANG_WARN_INFINITE_RECURSION = YES;
				CLANG_WARN_INT_CONVERSION = YES;
				CLANG_WARN_NON_LITERAL_NULL_CONVERSION = YES;
				CLANG_WARN_OBJC_IMPLICIT_RETAIN_SELF = YES;
				CLANG_WARN_OBJC_LITERAL_CONVERSION = YES;
				CLANG_WARN_OBJC_ROOT_CLASS = YES_ERROR;
				CLANG_WARN_QUOTED_INCLUDE_IN_FRAMEWORK_HEADER = YES;
				CLANG_WARN_RANGE_LOOP_ANALYSIS = YES;
				CLANG_WARN_STRICT_PROTOTYPES = YES;
				CLANG_WARN_SUSPICIOUS_MOVE = YES;
				CLANG_WARN_UNGUARDED_AVAILABILITY = YES_AGGRESSIVE;
				CLANG_WARN_UNREACHABLE_CODE = YES;
				CLANG_WARN__DUPLICATE_METHOD_MATCH = YES;
				COPY_PHASE_STRIP = NO;
				DEBUG_INFORMATION_FORMAT = dwarf;
				ENABLE_STRICT_OBJC_MSGSEND = YES;
				ENABLE_TESTABILITY = YES;
				GCC_C_LANGUAGE_STANDARD = gnu11;
				GCC_DYNAMIC_NO_PIC = NO;
				GCC_NO_COMMON_BLOCKS = YES;
				GCC_OPTIMIZATION_LEVEL = 0;
				GCC_PREPROCESSOR_DEFINITIONS = (
					"DEBUG=1",
					"$(inherited)",
				);
				GCC_WARN_64_TO_32_BIT_CONVERSION = YES;
				GCC_WARN_ABOUT_RETURN_TYPE = YES_ERROR;
				GCC_WARN_UNDECLARED_SELECTOR = YES;
				GCC_WARN_UNINITIALIZED_AUTOS = YES_AGGRESSIVE;
				GCC_WARN_UNUSED_FUNCTION = YES;
				GCC_WARN_UNUSED_VARIABLE = YES;
				IPHONEOS_DEPLOYMENT_TARGET = 15.5;
				MTL_ENABLE_DEBUG_INFO = INCLUDE_SOURCE;
				MTL_FAST_MATH = YES;
				ONLY_ACTIVE_ARCH = YES;
				SDKROOT = iphoneos;
				SWIFT_ACTIVE_COMPILATION_CONDITIONS = DEBUG;
				SWIFT_OPTIMIZATION_LEVEL = "-Onone";
			};
			name = Debug;
		};
		0469EE422879FAAE00D498D6 /* Release */ = {
			isa = XCBuildConfiguration;
			buildSettings = {
				ALWAYS_SEARCH_USER_PATHS = NO;
				CLANG_ANALYZER_NONNULL = YES;
				CLANG_ANALYZER_NUMBER_OBJECT_CONVERSION = YES_AGGRESSIVE;
				CLANG_CXX_LANGUAGE_STANDARD = "gnu++17";
				CLANG_ENABLE_MODULES = YES;
				CLANG_ENABLE_OBJC_ARC = YES;
				CLANG_ENABLE_OBJC_WEAK = YES;
				CLANG_WARN_BLOCK_CAPTURE_AUTORELEASING = YES;
				CLANG_WARN_BOOL_CONVERSION = YES;
				CLANG_WARN_COMMA = YES;
				CLANG_WARN_CONSTANT_CONVERSION = YES;
				CLANG_WARN_DEPRECATED_OBJC_IMPLEMENTATIONS = YES;
				CLANG_WARN_DIRECT_OBJC_ISA_USAGE = YES_ERROR;
				CLANG_WARN_DOCUMENTATION_COMMENTS = YES;
				CLANG_WARN_EMPTY_BODY = YES;
				CLANG_WARN_ENUM_CONVERSION = YES;
				CLANG_WARN_INFINITE_RECURSION = YES;
				CLANG_WARN_INT_CONVERSION = YES;
				CLANG_WARN_NON_LITERAL_NULL_CONVERSION = YES;
				CLANG_WARN_OBJC_IMPLICIT_RETAIN_SELF = YES;
				CLANG_WARN_OBJC_LITERAL_CONVERSION = YES;
				CLANG_WARN_OBJC_ROOT_CLASS = YES_ERROR;
				CLANG_WARN_QUOTED_INCLUDE_IN_FRAMEWORK_HEADER = YES;
				CLANG_WARN_RANGE_LOOP_ANALYSIS = YES;
				CLANG_WARN_STRICT_PROTOTYPES = YES;
				CLANG_WARN_SUSPICIOUS_MOVE = YES;
				CLANG_WARN_UNGUARDED_AVAILABILITY = YES_AGGRESSIVE;
				CLANG_WARN_UNREACHABLE_CODE = YES;
				CLANG_WARN__DUPLICATE_METHOD_MATCH = YES;
				COPY_PHASE_STRIP = NO;
				DEBUG_INFORMATION_FORMAT = "dwarf-with-dsym";
				ENABLE_NS_ASSERTIONS = NO;
				ENABLE_STRICT_OBJC_MSGSEND = YES;
				GCC_C_LANGUAGE_STANDARD = gnu11;
				GCC_NO_COMMON_BLOCKS = YES;
				GCC_WARN_64_TO_32_BIT_CONVERSION = YES;
				GCC_WARN_ABOUT_RETURN_TYPE = YES_ERROR;
				GCC_WARN_UNDECLARED_SELECTOR = YES;
				GCC_WARN_UNINITIALIZED_AUTOS = YES_AGGRESSIVE;
				GCC_WARN_UNUSED_FUNCTION = YES;
				GCC_WARN_UNUSED_VARIABLE = YES;
				IPHONEOS_DEPLOYMENT_TARGET = 15.5;
				MTL_ENABLE_DEBUG_INFO = NO;
				MTL_FAST_MATH = YES;
				SDKROOT = iphoneos;
				SWIFT_COMPILATION_MODE = wholemodule;
				SWIFT_OPTIMIZATION_LEVEL = "-O";
				VALIDATE_PRODUCT = YES;
			};
			name = Release;
		};
		0469EE442879FAAE00D498D6 /* Debug */ = {
			isa = XCBuildConfiguration;
			buildSettings = {
				ASSETCATALOG_COMPILER_APPICON_NAME = AppIcon;
				ASSETCATALOG_COMPILER_GLOBAL_ACCENT_COLOR_NAME = AccentColor;
				CODE_SIGN_STYLE = Automatic;
				CURRENT_PROJECT_VERSION = 1;
				DEVELOPMENT_TEAM = 792WRWDFHZ;
				GENERATE_INFOPLIST_FILE = YES;
				INFOPLIST_FILE = MobilePA/Info.plist;
				INFOPLIST_KEY_UIApplicationSupportsIndirectInputEvents = YES;
				INFOPLIST_KEY_UILaunchStoryboardName = LaunchScreen;
				INFOPLIST_KEY_UIMainStoryboardFile = Main;
				INFOPLIST_KEY_UISupportedInterfaceOrientations_iPad = "UIInterfaceOrientationPortrait UIInterfaceOrientationPortraitUpsideDown UIInterfaceOrientationLandscapeLeft UIInterfaceOrientationLandscapeRight";
				INFOPLIST_KEY_UISupportedInterfaceOrientations_iPhone = "UIInterfaceOrientationPortrait UIInterfaceOrientationLandscapeLeft UIInterfaceOrientationLandscapeRight";
				LD_RUNPATH_SEARCH_PATHS = (
					"$(inherited)",
					"@executable_path/Frameworks",
				);
				MARKETING_VERSION = 1.0;
				PRODUCT_BUNDLE_IDENTIFIER = esgi.com.MobilePA;
				PRODUCT_NAME = "$(TARGET_NAME)";
				SWIFT_EMIT_LOC_STRINGS = YES;
				SWIFT_VERSION = 5.0;
				TARGETED_DEVICE_FAMILY = "1,2";
			};
			name = Debug;
		};
		0469EE452879FAAE00D498D6 /* Release */ = {
			isa = XCBuildConfiguration;
			buildSettings = {
				ASSETCATALOG_COMPILER_APPICON_NAME = AppIcon;
				ASSETCATALOG_COMPILER_GLOBAL_ACCENT_COLOR_NAME = AccentColor;
				CODE_SIGN_STYLE = Automatic;
				CURRENT_PROJECT_VERSION = 1;
				DEVELOPMENT_TEAM = 792WRWDFHZ;
				GENERATE_INFOPLIST_FILE = YES;
				INFOPLIST_FILE = MobilePA/Info.plist;
				INFOPLIST_KEY_UIApplicationSupportsIndirectInputEvents = YES;
				INFOPLIST_KEY_UILaunchStoryboardName = LaunchScreen;
				INFOPLIST_KEY_UIMainStoryboardFile = Main;
				INFOPLIST_KEY_UISupportedInterfaceOrientations_iPad = "UIInterfaceOrientationPortrait UIInterfaceOrientationPortraitUpsideDown UIInterfaceOrientationLandscapeLeft UIInterfaceOrientationLandscapeRight";
				INFOPLIST_KEY_UISupportedInterfaceOrientations_iPhone = "UIInterfaceOrientationPortrait UIInterfaceOrientationLandscapeLeft UIInterfaceOrientationLandscapeRight";
				LD_RUNPATH_SEARCH_PATHS = (
					"$(inherited)",
					"@executable_path/Frameworks",
				);
				MARKETING_VERSION = 1.0;
				PRODUCT_BUNDLE_IDENTIFIER = esgi.com.MobilePA;
				PRODUCT_NAME = "$(TARGET_NAME)";
				SWIFT_EMIT_LOC_STRINGS = YES;
				SWIFT_VERSION = 5.0;
				TARGETED_DEVICE_FAMILY = "1,2";
			};
			name = Release;
		};
/* End XCBuildConfiguration section */

/* Begin XCConfigurationList section */
		0469EE2A2879FAAD00D498D6 /* Build configuration list for PBXProject "MobilePA" */ = {
			isa = XCConfigurationList;
			buildConfigurations = (
				0469EE412879FAAE00D498D6 /* Debug */,
				0469EE422879FAAE00D498D6 /* Release */,
			);
			defaultConfigurationIsVisible = 0;
			defaultConfigurationName = Release;
		};
		0469EE432879FAAE00D498D6 /* Build configuration list for PBXNativeTarget "MobilePA" */ = {
			isa = XCConfigurationList;
			buildConfigurations = (
				0469EE442879FAAE00D498D6 /* Debug */,
				0469EE452879FAAE00D498D6 /* Release */,
			);
			defaultConfigurationIsVisible = 0;
			defaultConfigurationName = Release;
		};
/* End XCConfigurationList section */

/* Begin XCRemoteSwiftPackageReference section */
		04A61C5C287F6B4E00DA6775 /* XCRemoteSwiftPackageReference "SwiftBCrypt" */ = {
			isa = XCRemoteSwiftPackageReference;
			repositoryURL = "https://github.com/tannerdsilva/SwiftBCrypt.git";
			requirement = {
				kind = upToNextMajorVersion;
				minimumVersion = 0.2.0;
			};
		};
/* End XCRemoteSwiftPackageReference section */

/* Begin XCSwiftPackageProductDependency section */
		04A61C5D287F6B4E00DA6775 /* SwiftBCrypt */ = {
			isa = XCSwiftPackageProductDependency;
			package = 04A61C5C287F6B4E00DA6775 /* XCRemoteSwiftPackageReference "SwiftBCrypt" */;
			productName = SwiftBCrypt;
		};
/* End XCSwiftPackageProductDependency section */
	};
	rootObject = 0469EE272879FAAD00D498D6 /* Project object */;
}
